// !$*UTF8*$!
{
	archiveVersion = 1;
	classes = {
	};
	objectVersion = 55;
	objects = {

/* Begin PBXBuildFile section */
		635C788627CC71D800FB51BA /* AppDelegate.m in Sources */ = {isa = PBXBuildFile; fileRef = 635C788527CC71D800FB51BA /* AppDelegate.m */; };
		635C788927CC71D800FB51BA /* SceneDelegate.m in Sources */ = {isa = PBXBuildFile; fileRef = 635C788827CC71D800FB51BA /* SceneDelegate.m */; };
		635C788C27CC71D800FB51BA /* ViewController.m in Sources */ = {isa = PBXBuildFile; fileRef = 635C788B27CC71D800FB51BA /* ViewController.m */; };
		635C788F27CC71D800FB51BA /* Main.storyboard in Resources */ = {isa = PBXBuildFile; fileRef = 635C788D27CC71D800FB51BA /* Main.storyboard */; };
		635C789127CC71DA00FB51BA /* Assets.xcassets in Resources */ = {isa = PBXBuildFile; fileRef = 635C789027CC71DA00FB51BA /* Assets.xcassets */; };
		635C789427CC71DA00FB51BA /* LaunchScreen.storyboard in Resources */ = {isa = PBXBuildFile; fileRef = 635C789227CC71DA00FB51BA /* LaunchScreen.storyboard */; };
		635C789727CC71DA00FB51BA /* main.m in Sources */ = {isa = PBXBuildFile; fileRef = 635C789627CC71DA00FB51BA /* main.m */; };
		635C789F27CC71E500FB51BA /* Person.m in Sources */ = {isa = PBXBuildFile; fileRef = 635C789E27CC71E500FB51BA /* Person.m */; };
		635C78A227CC79CA00FB51BA /* NSObject+_KVO.m in Sources */ = {isa = PBXBuildFile; fileRef = 635C78A127CC79CA00FB51BA /* NSObject+_KVO.m */; };
/* End PBXBuildFile section */

/* Begin PBXFileReference section */
		635C788127CC71D800FB51BA /* runtime_kvo.app */ = {isa = PBXFileReference; explicitFileType = wrapper.application; includeInIndex = 0; path = runtime_kvo.app; sourceTree = BUILT_PRODUCTS_DIR; };
		635C788427CC71D800FB51BA /* AppDelegate.h */ = {isa = PBXFileReference; lastKnownFileType = sourcecode.c.h; path = AppDelegate.h; sourceTree = "<group>"; };
		635C788527CC71D800FB51BA /* AppDelegate.m */ = {isa = PBXFileReference; lastKnownFileType = sourcecode.c.objc; path = AppDelegate.m; sourceTree = "<group>"; };
		635C788727CC71D800FB51BA /* SceneDelegate.h */ = {isa = PBXFileReference; lastKnownFileType = sourcecode.c.h; path = SceneDelegate.h; sourceTree = "<group>"; };
		635C788827CC71D800FB51BA /* SceneDelegate.m */ = {isa = PBXFileReference; lastKnownFileType = sourcecode.c.objc; path = SceneDelegate.m; sourceTree = "<group>"; };
		635C788A27CC71D800FB51BA /* ViewController.h */ = {isa = PBXFileReference; lastKnownFileType = sourcecode.c.h; path = ViewController.h; sourceTree = "<group>"; };
		635C788B27CC71D800FB51BA /* ViewController.m */ = {isa = PBXFileReference; lastKnownFileType = sourcecode.c.objc; path = ViewController.m; sourceTree = "<group>"; };
		635C788E27CC71D800FB51BA /* Base */ = {isa = PBXFileReference; lastKnownFileType = file.storyboard; name = Base; path = Base.lproj/Main.storyboard; sourceTree = "<group>"; };
		635C789027CC71DA00FB51BA /* Assets.xcassets */ = {isa = PBXFileReference; lastKnownFileType = folder.assetcatalog; path = Assets.xcassets; sourceTree = "<group>"; };
		635C789327CC71DA00FB51BA /* Base */ = {isa = PBXFileReference; lastKnownFileType = file.storyboard; name = Base; path = Base.lproj/LaunchScreen.storyboard; sourceTree = "<group>"; };
		635C789527CC71DA00FB51BA /* Info.plist */ = {isa = PBXFileReference; lastKnownFileType = text.plist.xml; path = Info.plist; sourceTree = "<group>"; };
		635C789627CC71DA00FB51BA /* main.m */ = {isa = PBXFileReference; lastKnownFileType = sourcecode.c.objc; path = main.m; sourceTree = "<group>"; };
		635C789D27CC71E500FB51BA /* Person.h */ = {isa = PBXFileReference; lastKnownFileType = sourcecode.c.h; path = Person.h; sourceTree = "<group>"; };
		635C789E27CC71E500FB51BA /* Person.m */ = {isa = PBXFileReference; lastKnownFileType = sourcecode.c.objc; path = Person.m; sourceTree = "<group>"; };
		635C78A027CC79CA00FB51BA /* NSObject+_KVO.h */ = {isa = PBXFileReference; lastKnownFileType = sourcecode.c.h; path = "NSObject+_KVO.h"; sourceTree = "<group>"; };
		635C78A127CC79CA00FB51BA /* NSObject+_KVO.m */ = {isa = PBXFileReference; lastKnownFileType = sourcecode.c.objc; path = "NSObject+_KVO.m"; sourceTree = "<group>"; };
/* End PBXFileReference section */

/* Begin PBXFrameworksBuildPhase section */
		635C787E27CC71D800FB51BA /* Frameworks */ = {
			isa = PBXFrameworksBuildPhase;
			buildActionMask = 2147483647;
			files = (
			);
			runOnlyForDeploymentPostprocessing = 0;
		};
/* End PBXFrameworksBuildPhase section */

/* Begin PBXGroup section */
		635C787827CC71D800FB51BA = {
			isa = PBXGroup;
			children = (
				635C788327CC71D800FB51BA /* runtime_kvo */,
				635C788227CC71D800FB51BA /* Products */,
			);
			sourceTree = "<group>";
		};
		635C788227CC71D800FB51BA /* Products */ = {
			isa = PBXGroup;
			children = (
				635C788127CC71D800FB51BA /* runtime_kvo.app */,
			);
			name = Products;
			sourceTree = "<group>";
		};
		635C788327CC71D800FB51BA /* runtime_kvo */ = {
			isa = PBXGroup;
			children = (
				635C788427CC71D800FB51BA /* AppDelegate.h */,
				635C788527CC71D800FB51BA /* AppDelegate.m */,
				635C788727CC71D800FB51BA /* SceneDelegate.h */,
				635C788827CC71D800FB51BA /* SceneDelegate.m */,
				635C788A27CC71D800FB51BA /* ViewController.h */,
				635C788B27CC71D800FB51BA /* ViewController.m */,
				635C78A027CC79CA00FB51BA /* NSObject+_KVO.h */,
				635C78A127CC79CA00FB51BA /* NSObject+_KVO.m */,
				635C789D27CC71E500FB51BA /* Person.h */,
				635C789E27CC71E500FB51BA /* Person.m */,
				635C788D27CC71D800FB51BA /* Main.storyboard */,
				635C789027CC71DA00FB51BA /* Assets.xcassets */,
				635C789227CC71DA00FB51BA /* LaunchScreen.storyboard */,
				635C789527CC71DA00FB51BA /* Info.plist */,
				635C789627CC71DA00FB51BA /* main.m */,
			);
			path = runtime_kvo;
			sourceTree = "<group>";
		};
/* End PBXGroup section */

/* Begin PBXNativeTarget section */
		635C788027CC71D800FB51BA /* runtime_kvo */ = {
			isa = PBXNativeTarget;
			buildConfigurationList = 635C789A27CC71DA00FB51BA /* Build configuration list for PBXNativeTarget "runtime_kvo" */;
			buildPhases = (
				635C787D27CC71D800FB51BA /* Sources */,
				635C787E27CC71D800FB51BA /* Frameworks */,
				635C787F27CC71D800FB51BA /* Resources */,
			);
			buildRules = (
			);
			dependencies = (
			);
			name = runtime_kvo;
			productName = runtime_kvo;
			productReference = 635C788127CC71D800FB51BA /* runtime_kvo.app */;
			productType = "com.apple.product-type.application";
		};
/* End PBXNativeTarget section */

/* Begin PBXProject section */
		635C787927CC71D800FB51BA /* Project object */ = {
			isa = PBXProject;
			attributes = {
				BuildIndependentTargetsInParallel = 1;
				LastUpgradeCheck = 1310;
				TargetAttributes = {
					635C788027CC71D800FB51BA = {
						CreatedOnToolsVersion = 13.1;
					};
				};
			};
			buildConfigurationList = 635C787C27CC71D800FB51BA /* Build configuration list for PBXProject "runtime_kvo" */;
			compatibilityVersion = "Xcode 13.0";
			developmentRegion = en;
			hasScannedForEncodings = 0;
			knownRegions = (
				en,
				Base,
			);
			mainGroup = 635C787827CC71D800FB51BA;
			productRefGroup = 635C788227CC71D800FB51BA /* Products */;
			projectDirPath = "";
			projectRoot = "";
			targets = (
				635C788027CC71D800FB51BA /* runtime_kvo */,
			);
		};
/* End PBXProject section */

/* Begin PBXResourcesBuildPhase section */
		635C787F27CC71D800FB51BA /* Resources */ = {
			isa = PBXResourcesBuildPhase;
			buildActionMask = 2147483647;
			files = (
				635C789427CC71DA00FB51BA /* LaunchScreen.storyboard in Resources */,
				635C789127CC71DA00FB51BA /* Assets.xcassets in Resources */,
				635C788F27CC71D800FB51BA /* Main.storyboard in Resources */,
			);
			runOnlyForDeploymentPostprocessing = 0;
		};
/* End PBXResourcesBuildPhase section */

/* Begin PBXSourcesBuildPhase section */
		635C787D27CC71D800FB51BA /* Sources */ = {
			isa = PBXSourcesBuildPhase;
			buildActionMask = 2147483647;
			files = (
				635C788C27CC71D800FB51BA /* ViewController.m in Sources */,
				635C788627CC71D800FB51BA /* AppDelegate.m in Sources */,
				635C789F27CC71E500FB51BA /* Person.m in Sources */,
				635C789727CC71DA00FB51BA /* main.m in Sources */,
				635C78A227CC79CA00FB51BA /* NSObject+_KVO.m in Sources */,
				635C788927CC71D800FB51BA /* SceneDelegate.m in Sources */,
			);
			runOnlyForDeploymentPostprocessing = 0;
		};
/* End PBXSourcesBuildPhase section */

/* Begin PBXVariantGroup section */
		635C788D27CC71D800FB51BA /* Main.storyboard */ = {
			isa = PBXVariantGroup;
			children = (
				635C788E27CC71D800FB51BA /* Base */,
			);
			name = Main.storyboard;
			sourceTree = "<group>";
		};
		635C789227CC71DA00FB51BA /* LaunchScreen.storyboard */ = {
			isa = PBXVariantGroup;
			children = (
				635C789327CC71DA00FB51BA /* Base */,
			);
			name = LaunchScreen.storyboard;
			sourceTree = "<group>";
		};
/* End PBXVariantGroup section */

/* Begin XCBuildConfiguration section */
		635C789827CC71DA00FB51BA /* Debug */ = {
			isa = XCBuildConfiguration;
			buildSettings = {
				ALWAYS_SEARCH_USER_PATHS = NO;
				CLANG_ANALYZER_NONNULL = YES;
				CLANG_ANALYZER_NUMBER_OBJECT_CONVERSION = YES_AGGRESSIVE;
				CLANG_CXX_LANGUAGE_STANDARD = "gnu++17";
				CLANG_CXX_LIBRARY = "libc++";
				CLANG_ENABLE_MODULES = YES;
				CLANG_ENABLE_OBJC_ARC = YES;
				CLANG_ENABLE_OBJC_WEAK = YES;
				CLANG_WARN_BLOCK_CAPTURE_AUTORELEASING = YES;
				CLANG_WARN_BOOL_CONVERSION = YES;
				CLANG_WARN_COMMA = YES;
				CLANG_WARN_CONSTANT_CONVERSION = YES;
				CLANG_WARN_DEPRECATED_OBJC_IMPLEMENTATIONS = YES;
				CLANG_WARN_DIRECT_OBJC_ISA_USAGE = YES_ERROR;
				CLANG_WARN_DOCUMENTATION_COMMENTS = YES;
				CLANG_WARN_EMPTY_BODY = YES;
				CLANG_WARN_ENUM_CONVERSION = YES;
				CLANG_WARN_INFINITE_RECURSION = YES;
				CLANG_WARN_INT_CONVERSION = YES;
				CLANG_WARN_NON_LITERAL_NULL_CONVERSION = YES;
				CLANG_WARN_OBJC_IMPLICIT_RETAIN_SELF = YES;
				CLANG_WARN_OBJC_LITERAL_CONVERSION = YES;
				CLANG_WARN_OBJC_ROOT_CLASS = YES_ERROR;
				CLANG_WARN_QUOTED_INCLUDE_IN_FRAMEWORK_HEADER = YES;
				CLANG_WARN_RANGE_LOOP_ANALYSIS = YES;
				CLANG_WARN_STRICT_PROTOTYPES = YES;
				CLANG_WARN_SUSPICIOUS_MOVE = YES;
				CLANG_WARN_UNGUARDED_AVAILABILITY = YES_AGGRESSIVE;
				CLANG_WARN_UNREACHABLE_CODE = YES;
				CLANG_WARN__DUPLICATE_METHOD_MATCH = YES;
				COPY_PHASE_STRIP = NO;
				DEBUG_INFORMATION_FORMAT = dwarf;
				ENABLE_STRICT_OBJC_MSGSEND = YES;
				ENABLE_TESTABILITY = YES;
				GCC_C_LANGUAGE_STANDARD = gnu11;
				GCC_DYNAMIC_NO_PIC = NO;
				GCC_NO_COMMON_BLOCKS = YES;
				GCC_OPTIMIZATION_LEVEL = 0;
				GCC_PREPROCESSOR_DEFINITIONS = (
					"DEBUG=1",
					"$(inherited)",
				);
				GCC_WARN_64_TO_32_BIT_CONVERSION = YES;
				GCC_WARN_ABOUT_RETURN_TYPE = YES_ERROR;
				GCC_WARN_UNDECLARED_SELECTOR = YES;
				GCC_WARN_UNINITIALIZED_AUTOS = YES_AGGRESSIVE;
				GCC_WARN_UNUSED_FUNCTION = YES;
				GCC_WARN_UNUSED_VARIABLE = YES;
				IPHONEOS_DEPLOYMENT_TARGET = 13.0;
				MTL_ENABLE_DEBUG_INFO = INCLUDE_SOURCE;
				MTL_FAST_MATH = YES;
				ONLY_ACTIVE_ARCH = YES;
				SDKROOT = iphoneos;
			};
			name = Debug;
		};
		635C789927CC71DA00FB51BA /* Release */ = {
			isa = XCBuildConfiguration;
			buildSettings = {
				ALWAYS_SEARCH_USER_PATHS = NO;
				CLANG_ANALYZER_NONNULL = YES;
				CLANG_ANALYZER_NUMBER_OBJECT_CONVERSION = YES_AGGRESSIVE;
				CLANG_CXX_LANGUAGE_STANDARD = "gnu++17";
				CLANG_CXX_LIBRARY = "libc++";
				CLANG_ENABLE_MODULES = YES;
				CLANG_ENABLE_OBJC_ARC = YES;
				CLANG_ENABLE_OBJC_WEAK = YES;
				CLANG_WARN_BLOCK_CAPTURE_AUTORELEASING = YES;
				CLANG_WARN_BOOL_CONVERSION = YES;
				CLANG_WARN_COMMA = YES;
				CLANG_WARN_CONSTANT_CONVERSION = YES;
				CLANG_WARN_DEPRECATED_OBJC_IMPLEMENTATIONS = YES;
				CLANG_WARN_DIRECT_OBJC_ISA_USAGE = YES_ERROR;
				CLANG_WARN_DOCUMENTATION_COMMENTS = YES;
				CLANG_WARN_EMPTY_BODY = YES;
				CLANG_WARN_ENUM_CONVERSION = YES;
				CLANG_WARN_INFINITE_RECURSION = YES;
				CLANG_WARN_INT_CONVERSION = YES;
				CLANG_WARN_NON_LITERAL_NULL_CONVERSION = YES;
				CLANG_WARN_OBJC_IMPLICIT_RETAIN_SELF = YES;
				CLANG_WARN_OBJC_LITERAL_CONVERSION = YES;
				CLANG_WARN_OBJC_ROOT_CLASS = YES_ERROR;
				CLANG_WARN_QUOTED_INCLUDE_IN_FRAMEWORK_HEADER = YES;
				CLANG_WARN_RANGE_LOOP_ANALYSIS = YES;
				CLANG_WARN_STRICT_PROTOTYPES = YES;
				CLANG_WARN_SUSPICIOUS_MOVE = YES;
				CLANG_WARN_UNGUARDED_AVAILABILITY = YES_AGGRESSIVE;
				CLANG_WARN_UNREACHABLE_CODE = YES;
				CLANG_WARN__DUPLICATE_METHOD_MATCH = YES;
				COPY_PHASE_STRIP = NO;
				DEBUG_INFORMATION_FORMAT = "dwarf-with-dsym";
				ENABLE_NS_ASSERTIONS = NO;
				ENABLE_STRICT_OBJC_MSGSEND = YES;
				GCC_C_LANGUAGE_STANDARD = gnu11;
				GCC_NO_COMMON_BLOCKS = YES;
				GCC_WARN_64_TO_32_BIT_CONVERSION = YES;
				GCC_WARN_ABOUT_RETURN_TYPE = YES_ERROR;
				GCC_WARN_UNDECLARED_SELECTOR = YES;
				GCC_WARN_UNINITIALIZED_AUTOS = YES_AGGRESSIVE;
				GCC_WARN_UNUSED_FUNCTION = YES;
				GCC_WARN_UNUSED_VARIABLE = YES;
				IPHONEOS_DEPLOYMENT_TARGET = 13.0;
				MTL_ENABLE_DEBUG_INFO = NO;
				MTL_FAST_MATH = YES;
				SDKROOT = iphoneos;
				VALIDATE_PRODUCT = YES;
			};
			name = Release;
		};
		635C789B27CC71DA00FB51BA /* Debug */ = {
			isa = XCBuildConfiguration;
			buildSettings = {
				ASSETCATALOG_COMPILER_APPICON_NAME = AppIcon;
				ASSETCATALOG_COMPILER_GLOBAL_ACCENT_COLOR_NAME = AccentColor;
				CODE_SIGN_STYLE = Automatic;
				CURRENT_PROJECT_VERSION = 1;
				DEVELOPMENT_TEAM = E6YTL27QWA;
				GENERATE_INFOPLIST_FILE = YES;
				INFOPLIST_FILE = runtime_kvo/Info.plist;
				INFOPLIST_KEY_UIApplicationSupportsIndirectInputEvents = YES;
				INFOPLIST_KEY_UILaunchStoryboardName = LaunchScreen;
				INFOPLIST_KEY_UIMainStoryboardFile = Main;
				INFOPLIST_KEY_UISupportedInterfaceOrientations_iPad = "UIInterfaceOrientationPortrait UIInterfaceOrientationPortraitUpsideDown UIInterfaceOrientationLandscapeLeft UIInterfaceOrientationLandscapeRight";
				INFOPLIST_KEY_UISupportedInterfaceOrientations_iPhone = "UIInterfaceOrientationPortrait UIInterfaceOrientationLandscapeLeft UIInterfaceOrientationLandscapeRight";
				LD_RUNPATH_SEARCH_PATHS = (
					"$(inherited)",
					"@executable_path/Frameworks",
				);
				MARKETING_VERSION = 1.0;
				PRODUCT_BUNDLE_IDENTIFIER = "com.medium.runtime-kvo";
				PRODUCT_NAME = "$(TARGET_NAME)";
				SWIFT_EMIT_LOC_STRINGS = YES;
				TARGETED_DEVICE_FAMILY = "1,2";
			};
			name = Debug;
		};
		635C789C27CC71DA00FB51BA /* Release */ = {
			isa = XCBuildConfiguration;
			buildSettings = {
				ASSETCATALOG_COMPILER_APPICON_NAME = AppIcon;
				ASSETCATALOG_COMPILER_GLOBAL_ACCENT_COLOR_NAME = AccentColor;
				CODE_SIGN_STYLE = Automatic;
				CURRENT_PROJECT_VERSION = 1;
				DEVELOPMENT_TEAM = E6YTL27QWA;
				GENERATE_INFOPLIST_FILE = YES;
				INFOPLIST_FILE = runtime_kvo/Info.plist;
				INFOPLIST_KEY_UIApplicationSupportsIndirectInputEvents = YES;
				INFOPLIST_KEY_UILaunchStoryboardName = LaunchScreen;
				INFOPLIST_KEY_UIMainStoryboardFile = Main;
				INFOPLIST_KEY_UISupportedInterfaceOrientations_iPad = "UIInterfaceOrientationPortrait UIInterfaceOrientationPortraitUpsideDown UIInterfaceOrientationLandscapeLeft UIInterfaceOrientationLandscapeRight";
				INFOPLIST_KEY_UISupportedInterfaceOrientations_iPhone = "UIInterfaceOrientationPortrait UIInterfaceOrientationLandscapeLeft UIInterfaceOrientationLandscapeRight";
				LD_RUNPATH_SEARCH_PATHS = (
					"$(inherited)",
					"@executable_path/Frameworks",
				);
				MARKETING_VERSION = 1.0;
				PRODUCT_BUNDLE_IDENTIFIER = "com.medium.runtime-kvo";
				PRODUCT_NAME = "$(TARGET_NAME)";
				SWIFT_EMIT_LOC_STRINGS = YES;
				TARGETED_DEVICE_FAMILY = "1,2";
			};
			name = Release;
		};
/* End XCBuildConfiguration section */

/* Begin XCConfigurationList section */
		635C787C27CC71D800FB51BA /* Build configuration list for PBXProject "runtime_kvo" */ = {
			isa = XCConfigurationList;
			buildConfigurations = (
				635C789827CC71DA00FB51BA /* Debug */,
				635C789927CC71DA00FB51BA /* Release */,
			);
			defaultConfigurationIsVisible = 0;
			defaultConfigurationName = Release;
		};
		635C789A27CC71DA00FB51BA /* Build configuration list for PBXNativeTarget "runtime_kvo" */ = {
			isa = XCConfigurationList;
			buildConfigurations = (
				635C789B27CC71DA00FB51BA /* Debug */,
				635C789C27CC71DA00FB51BA /* Release */,
			);
			defaultConfigurationIsVisible = 0;
			defaultConfigurationName = Release;
		};
/* End XCConfigurationList section */
	};
	rootObject = 635C787927CC71D800FB51BA /* Project object */;
}
